github.com/gorilla/mux v1.8.0 h1:i40aqfkR1h2SlN9hojwV5ZA91wcXFOvkdNIeFDP5koI=
github.com/gorilla/mux v1.8.0/go.mod h1:DVbg23sWSpFRCP0SfiEN6jmj59UnW/n46BH5rLB71So=
github.com/gorilla/securecookie v1.1.2 h1:YCIWL56dvtr73r6715mJs5ZvhtnY73hBvEF8kXD8ePA=
github.com/gorilla/securecookie v1.1.2/go.mod h1:NfCASbcHqRSY+3a8tlWJwsQap2VX5pwzwo4h3eOamfo=
